PODS:
  - DKNightVersion (2.4.3):
    - DKNightVersion/Core (= 2.4.3)
    - DKNightVersion/CoreAnimation (= 2.4.3)
    - DKNightVersion/UIKit (= 2.4.3)
  - DKNightVersion/Core (2.4.3):
    - DKNightVersion/Core/DeallocBlockExecutor (= 2.4.3)
    - DKNightVersion/Core/extobjc (= 2.4.3)
  - DKNightVersion/Core/DeallocBlockExecutor (2.4.3)
  - DKNightVersion/Core/extobjc (2.4.3)
  - DKNightVersion/CoreAnimation (2.4.3):
    - DKNightVersion/Core
  - DKNightVersion/UIKit (2.4.3):
    - DKNightVersion/Core

DEPENDENCIES:
  - DKNightVersion

SPEC REPOS:
  https://github.com/cocoapods/specs.git:
    - DKNightVersion

SPEC CHECKSUMS:
  DKNightVersion: eaa80cc4014b4bae7d4b535fd87ecc6a3c2767b3

PODFILE CHECKSUM: 044620803f3ca5dbfe8dbe9adbcfc745141a2630

COCOAPODS: 1.6.1
