// !$*UTF8*$!
{
	archiveVersion = 1;
	classes = {
	};
	objectVersion = 46;
	objects = {

/* Begin PBXBuildFile section */
		202C84EF1F2624AD0055FD7D /* XMHomeTableViewController.m in Sources */ = {isa = PBXBuildFile; fileRef = 202C84E31F2624AD0055FD7D /* XMHomeTableViewController.m */; };
		202C84F01F2624AD0055FD7D /* XMQRCodeViewController.m in Sources */ = {isa = PBXBuildFile; fileRef = 202C84E51F2624AD0055FD7D /* XMQRCodeViewController.m */; };
		202C84F11F2624AD0055FD7D /* XMSaveWebsTableViewController.m in Sources */ = {isa = PBXBuildFile; fileRef = 202C84E71F2624AD0055FD7D /* XMSaveWebsTableViewController.m */; };
		202C84F21F2624AD0055FD7D /* XMSearchTableViewController.m in Sources */ = {isa = PBXBuildFile; fileRef = 202C84E91F2624AD0055FD7D /* XMSearchTableViewController.m */; };
		202C84F31F2624AD0055FD7D /* XMWebViewController.m in Sources */ = {isa = PBXBuildFile; fileRef = 202C84EC1F2624AD0055FD7D /* XMWebViewController.m */; };
		202C84F61F2624FC0055FD7D /* XMNavWebViewController.m in Sources */ = {isa = PBXBuildFile; fileRef = 202C84F51F2624FC0055FD7D /* XMNavWebViewController.m */; };
		2056D8731E8D67B200EB4BB5 /* XMConerAccessoryView.m in Sources */ = {isa = PBXBuildFile; fileRef = 2056D8721E8D67B200EB4BB5 /* XMConerAccessoryView.m */; };
		205CECDB1F48150E00821E38 /* MBProgressHUD+NK.m in Sources */ = {isa = PBXBuildFile; fileRef = 205CECAF1F48150E00821E38 /* MBProgressHUD+NK.m */; };
		205CECDC1F48150E00821E38 /* MBProgressHUD.bundle in Resources */ = {isa = PBXBuildFile; fileRef = 205CECB01F48150E00821E38 /* MBProgressHUD.bundle */; };
		205CECDD1F48150E00821E38 /* MBProgressHUD.m in Sources */ = {isa = PBXBuildFile; fileRef = 205CECB21F48150E00821E38 /* MBProgressHUD.m */; };
		205CECDE1F48150E00821E38 /* MKAnnotationView+WebCache.m in Sources */ = {isa = PBXBuildFile; fileRef = 205CECB51F48150E00821E38 /* MKAnnotationView+WebCache.m */; };
		205CECDF1F48150E00821E38 /* NSData+ImageContentType.m in Sources */ = {isa = PBXBuildFile; fileRef = 205CECB71F48150E00821E38 /* NSData+ImageContentType.m */; };
		205CECE01F48150E00821E38 /* NSImage+WebCache.m in Sources */ = {isa = PBXBuildFile; fileRef = 205CECB91F48150E00821E38 /* NSImage+WebCache.m */; };
		205CECE11F48150E00821E38 /* SDImageCache.m in Sources */ = {isa = PBXBuildFile; fileRef = 205CECBB1F48150E00821E38 /* SDImageCache.m */; };
		205CECE21F48150E00821E38 /* SDImageCacheConfig.m in Sources */ = {isa = PBXBuildFile; fileRef = 205CECBD1F48150E00821E38 /* SDImageCacheConfig.m */; };
		205CECE31F48150E00821E38 /* SDWebImageCompat.m in Sources */ = {isa = PBXBuildFile; fileRef = 205CECBF1F48150E00821E38 /* SDWebImageCompat.m */; };
		205CECE41F48150E00821E38 /* SDWebImageDecoder.m in Sources */ = {isa = PBXBuildFile; fileRef = 205CECC11F48150E00821E38 /* SDWebImageDecoder.m */; };
		205CECE51F48150E00821E38 /* SDWebImageDownloader.m in Sources */ = {isa = PBXBuildFile; fileRef = 205CECC31F48150E00821E38 /* SDWebImageDownloader.m */; };
		205CECE61F48150E00821E38 /* SDWebImageDownloaderOperation.m in Sources */ = {isa = PBXBuildFile; fileRef = 205CECC51F48150E00821E38 /* SDWebImageDownloaderOperation.m */; };
		205CECE71F48150E00821E38 /* SDWebImageManager.m in Sources */ = {isa = PBXBuildFile; fileRef = 205CECC71F48150E00821E38 /* SDWebImageManager.m */; };
		205CECE81F48150E00821E38 /* SDWebImagePrefetcher.m in Sources */ = {isa = PBXBuildFile; fileRef = 205CECCA1F48150E00821E38 /* SDWebImagePrefetcher.m */; };
		205CECE91F48150E00821E38 /* UIButton+WebCache.m in Sources */ = {isa = PBXBuildFile; fileRef = 205CECCC1F48150E00821E38 /* UIButton+WebCache.m */; };
		205CECEA1F48150E00821E38 /* UIImage+GIF.m in Sources */ = {isa = PBXBuildFile; fileRef = 205CECCE1F48150E00821E38 /* UIImage+GIF.m */; };
		205CECEB1F48150E00821E38 /* UIImage+MultiFormat.m in Sources */ = {isa = PBXBuildFile; fileRef = 205CECD01F48150E00821E38 /* UIImage+MultiFormat.m */; };
		205CECEC1F48150E00821E38 /* UIImage+WebP.m in Sources */ = {isa = PBXBuildFile; fileRef = 205CECD21F48150E00821E38 /* UIImage+WebP.m */; };
		205CECED1F48150E00821E38 /* UIImageView+HighlightedWebCache.m in Sources */ = {isa = PBXBuildFile; fileRef = 205CECD41F48150E00821E38 /* UIImageView+HighlightedWebCache.m */; };
		205CECEE1F48150E00821E38 /* UIImageView+WebCache.m in Sources */ = {isa = PBXBuildFile; fileRef = 205CECD61F48150E00821E38 /* UIImageView+WebCache.m */; };
		205CECEF1F48150E00821E38 /* UIView+WebCache.m in Sources */ = {isa = PBXBuildFile; fileRef = 205CECD81F48150E00821E38 /* UIView+WebCache.m */; };
		205CECF01F48150E00821E38 /* UIView+WebCacheOperation.m in Sources */ = {isa = PBXBuildFile; fileRef = 205CECDA1F48150E00821E38 /* UIView+WebCacheOperation.m */; };
		205CECF41F48151700821E38 /* UIView+getPointColor.m in Sources */ = {isa = PBXBuildFile; fileRef = 205CECF31F48151700821E38 /* UIView+getPointColor.m */; };
		205CECF61F488EF700821E38 /* webSpecial.plist in Resources */ = {isa = PBXBuildFile; fileRef = 205CECF51F488EF700821E38 /* webSpecial.plist */; };
		205CECF91F4898A600821E38 /* XMDropView.m in Sources */ = {isa = PBXBuildFile; fileRef = 205CECF81F4898A600821E38 /* XMDropView.m */; };
		205CECFC1F489A0000821E38 /* UIView+Extension.m in Sources */ = {isa = PBXBuildFile; fileRef = 205CECFB1F489A0000821E38 /* UIView+Extension.m */; };
		205CED0A1F489F2B00821E38 /* XMLeftTableViewController.m in Sources */ = {isa = PBXBuildFile; fileRef = 205CED051F489F2B00821E38 /* XMLeftTableViewController.m */; };
		205CED0B1F489F2B00821E38 /* XMMainViewController.m in Sources */ = {isa = PBXBuildFile; fileRef = 205CED071F489F2B00821E38 /* XMMainViewController.m */; };
		205CED0C1F489F2B00821E38 /* XMNavTitleTableViewController.m in Sources */ = {isa = PBXBuildFile; fileRef = 205CED091F489F2B00821E38 /* XMNavTitleTableViewController.m */; };
		205CED0F1F48AA5600821E38 /* XMTextTableViewCell.m in Sources */ = {isa = PBXBuildFile; fileRef = 205CED0E1F48AA5600821E38 /* XMTextTableViewCell.m */; };
		205CED131F49623200821E38 /* NSArray+Log.m in Sources */ = {isa = PBXBuildFile; fileRef = 205CED121F49623200821E38 /* NSArray+Log.m */; };
		20A3BCFF1F2E2D7400ED1699 /* XMAdvance.m in Sources */ = {isa = PBXBuildFile; fileRef = 20A3BCFE1F2E2D7400ED1699 /* XMAdvance.m */; };
		20BA35661E89597D00477BCB /* XMFloatWindow.m in Sources */ = {isa = PBXBuildFile; fileRef = 20BA35651E89597D00477BCB /* XMFloatWindow.m */; };
		20C85E2F204EE8850057F483 /* EXQRCodeImageDetectorUtil.m in Sources */ = {isa = PBXBuildFile; fileRef = 20C85E2E204EE8850057F483 /* EXQRCodeImageDetectorUtil.m */; };
		20C85E3520516F7E0057F483 /* XMewrdcdjd.m in Sources */ = {isa = PBXBuildFile; fileRef = 20C85E3420516F7E0057F483 /* XMewrdcdjd.m */; };
		20E9E373204C4BEC007D442E /* XMClipImageViewController.m in Sources */ = {isa = PBXBuildFile; fileRef = 20E9E372204C4BEC007D442E /* XMClipImageViewController.m */; };
		20F112141E864FC000E64A70 /* web.plist in Resources */ = {isa = PBXBuildFile; fileRef = 20F112131E864FC000E64A70 /* web.plist */; };
		20F112171E86697400E64A70 /* XMChannelModel.m in Sources */ = {isa = PBXBuildFile; fileRef = 20F112161E86697400E64A70 /* XMChannelModel.m */; };
		20F1121B1E866F9C00E64A70 /* XMLeftViewUserCell.m in Sources */ = {isa = PBXBuildFile; fileRef = 20F112191E866F9C00E64A70 /* XMLeftViewUserCell.m */; };
		20F1121C1E866F9C00E64A70 /* XMLeftViewUserCell.xib in Resources */ = {isa = PBXBuildFile; fileRef = 20F1121A1E866F9C00E64A70 /* XMLeftViewUserCell.xib */; };
		20F112251E86BF4600E64A70 /* XMWebModelTool.m in Sources */ = {isa = PBXBuildFile; fileRef = 20F112241E86BF4600E64A70 /* XMWebModelTool.m */; };
		842971041E654644002BDBC0 /* AppDelegate.m in Sources */ = {isa = PBXBuildFile; fileRef = 842970FD1E654644002BDBC0 /* AppDelegate.m */; };
		849D26F31E640E3200F0CA5D /* main.m in Sources */ = {isa = PBXBuildFile; fileRef = 849D26F21E640E3200F0CA5D /* main.m */; };
		849D26FE1E640E3200F0CA5D /* Assets.xcassets in Resources */ = {isa = PBXBuildFile; fileRef = 849D26FD1E640E3200F0CA5D /* Assets.xcassets */; };
		849D27011E640E3200F0CA5D /* LaunchScreen.storyboard in Resources */ = {isa = PBXBuildFile; fileRef = 849D26FF1E640E3200F0CA5D /* LaunchScreen.storyboard */; };
		849D270C1E640E3300F0CA5D /* _3________Tests.m in Sources */ = {isa = PBXBuildFile; fileRef = 849D270B1E640E3300F0CA5D /* _3________Tests.m */; };
		849D27171E640E3300F0CA5D /* _3________UITests.m in Sources */ = {isa = PBXBuildFile; fileRef = 849D27161E640E3300F0CA5D /* _3________UITests.m */; };
		84BA25591E65C7A800C8B204 /* XMWebTableViewCell.m in Sources */ = {isa = PBXBuildFile; fileRef = 84BA25571E65C7A800C8B204 /* XMWebTableViewCell.m */; };
		84BA255A1E65C7A800C8B204 /* XMWebTableViewCell.xib in Resources */ = {isa = PBXBuildFile; fileRef = 84BA25581E65C7A800C8B204 /* XMWebTableViewCell.xib */; };
		84D9ED061E656BC30046840E /* XMWebModel.m in Sources */ = {isa = PBXBuildFile; fileRef = 84D9ED051E656BC30046840E /* XMWebModel.m */; };
/* End PBXBuildFile section */

/* Begin PBXContainerItemProxy section */
		849D27081E640E3300F0CA5D /* PBXContainerItemProxy */ = {
			isa = PBXContainerItemProxy;
			containerPortal = 849D26E61E640E3200F0CA5D /* Project object */;
			proxyType = 1;
			remoteGlobalIDString = 849D26ED1E640E3200F0CA5D;
			remoteInfo = "03 虾兽新闻客户端";
		};
		849D27131E640E3300F0CA5D /* PBXContainerItemProxy */ = {
			isa = PBXContainerItemProxy;
			containerPortal = 849D26E61E640E3200F0CA5D /* Project object */;
			proxyType = 1;
			remoteGlobalIDString = 849D26ED1E640E3200F0CA5D;
			remoteInfo = "03 虾兽新闻客户端";
		};
/* End PBXContainerItemProxy section */

/* Begin PBXFileReference section */
		202C84E21F2624AD0055FD7D /* XMHomeTableViewController.h */ = {isa = PBXFileReference; fileEncoding = 4; lastKnownFileType = sourcecode.c.h; path = XMHomeTableViewController.h; sourceTree = "<group>"; };
		202C84E31F2624AD0055FD7D /* XMHomeTableViewController.m */ = {isa = PBXFileReference; fileEncoding = 4; lastKnownFileType = sourcecode.c.objc; path = XMHomeTableViewController.m; sourceTree = "<group>"; };
		202C84E41F2624AD0055FD7D /* XMQRCodeViewController.h */ = {isa = PBXFileReference; fileEncoding = 4; lastKnownFileType = sourcecode.c.h; path = XMQRCodeViewController.h; sourceTree = "<group>"; };
		202C84E51F2624AD0055FD7D /* XMQRCodeViewController.m */ = {isa = PBXFileReference; fileEncoding = 4; lastKnownFileType = sourcecode.c.objc; path = XMQRCodeViewController.m; sourceTree = "<group>"; };
		202C84E61F2624AD0055FD7D /* XMSaveWebsTableViewController.h */ = {isa = PBXFileReference; fileEncoding = 4; lastKnownFileType = sourcecode.c.h; path = XMSaveWebsTableViewController.h; sourceTree = "<group>"; };
		202C84E71F2624AD0055FD7D /* XMSaveWebsTableViewController.m */ = {isa = PBXFileReference; fileEncoding = 4; lastKnownFileType = sourcecode.c.objc; path = XMSaveWebsTableViewController.m; sourceTree = "<group>"; };
		202C84E81F2624AD0055FD7D /* XMSearchTableViewController.h */ = {isa = PBXFileReference; fileEncoding = 4; lastKnownFileType = sourcecode.c.h; path = XMSearchTableViewController.h; sourceTree = "<group>"; };
		202C84E91F2624AD0055FD7D /* XMSearchTableViewController.m */ = {isa = PBXFileReference; fileEncoding = 4; lastKnownFileType = sourcecode.c.objc; path = XMSearchTableViewController.m; sourceTree = "<group>"; };
		202C84EB1F2624AD0055FD7D /* XMWebViewController.h */ = {isa = PBXFileReference; fileEncoding = 4; lastKnownFileType = sourcecode.c.h; path = XMWebViewController.h; sourceTree = "<group>"; };
		202C84EC1F2624AD0055FD7D /* XMWebViewController.m */ = {isa = PBXFileReference; fileEncoding = 4; lastKnownFileType = sourcecode.c.objc; path = XMWebViewController.m; sourceTree = "<group>"; };
		202C84F41F2624FC0055FD7D /* XMNavWebViewController.h */ = {isa = PBXFileReference; fileEncoding = 4; lastKnownFileType = sourcecode.c.h; path = XMNavWebViewController.h; sourceTree = "<group>"; };
		202C84F51F2624FC0055FD7D /* XMNavWebViewController.m */ = {isa = PBXFileReference; fileEncoding = 4; lastKnownFileType = sourcecode.c.objc; path = XMNavWebViewController.m; sourceTree = "<group>"; };
		2056D8711E8D67B200EB4BB5 /* XMConerAccessoryView.h */ = {isa = PBXFileReference; fileEncoding = 4; lastKnownFileType = sourcecode.c.h; path = XMConerAccessoryView.h; sourceTree = "<group>"; };
		2056D8721E8D67B200EB4BB5 /* XMConerAccessoryView.m */ = {isa = PBXFileReference; fileEncoding = 4; lastKnownFileType = sourcecode.c.objc; path = XMConerAccessoryView.m; sourceTree = "<group>"; };
		205CECAE1F48150E00821E38 /* MBProgressHUD+NK.h */ = {isa = PBXFileReference; fileEncoding = 4; lastKnownFileType = sourcecode.c.h; path = "MBProgressHUD+NK.h"; sourceTree = "<group>"; };
		205CECAF1F48150E00821E38 /* MBProgressHUD+NK.m */ = {isa = PBXFileReference; fileEncoding = 4; lastKnownFileType = sourcecode.c.objc; path = "MBProgressHUD+NK.m"; sourceTree = "<group>"; };
		205CECB01F48150E00821E38 /* MBProgressHUD.bundle */ = {isa = PBXFileReference; lastKnownFileType = "wrapper.plug-in"; path = MBProgressHUD.bundle; sourceTree = "<group>"; };
		205CECB11F48150E00821E38 /* MBProgressHUD.h */ = {isa = PBXFileReference; fileEncoding = 4; lastKnownFileType = sourcecode.c.h; path = MBProgressHUD.h; sourceTree = "<group>"; };
		205CECB21F48150E00821E38 /* MBProgressHUD.m */ = {isa = PBXFileReference; fileEncoding = 4; lastKnownFileType = sourcecode.c.objc; path = MBProgressHUD.m; sourceTree = "<group>"; };
		205CECB41F48150E00821E38 /* MKAnnotationView+WebCache.h */ = {isa = PBXFileReference; fileEncoding = 4; lastKnownFileType = sourcecode.c.h; path = "MKAnnotationView+WebCache.h"; sourceTree = "<group>"; };
		205CECB51F48150E00821E38 /* MKAnnotationView+WebCache.m */ = {isa = PBXFileReference; fileEncoding = 4; lastKnownFileType = sourcecode.c.objc; path = "MKAnnotationView+WebCache.m"; sourceTree = "<group>"; };
		205CECB61F48150E00821E38 /* NSData+ImageContentType.h */ = {isa = PBXFileReference; fileEncoding = 4; lastKnownFileType = sourcecode.c.h; path = "NSData+ImageContentType.h"; sourceTree = "<group>"; };
		205CECB71F48150E00821E38 /* NSData+ImageContentType.m */ = {isa = PBXFileReference; fileEncoding = 4; lastKnownFileType = sourcecode.c.objc; path = "NSData+ImageContentType.m"; sourceTree = "<group>"; };
		205CECB81F48150E00821E38 /* NSImage+WebCache.h */ = {isa = PBXFileReference; fileEncoding = 4; lastKnownFileType = sourcecode.c.h; path = "NSImage+WebCache.h"; sourceTree = "<group>"; };
		205CECB91F48150E00821E38 /* NSImage+WebCache.m */ = {isa = PBXFileReference; fileEncoding = 4; lastKnownFileType = sourcecode.c.objc; path = "NSImage+WebCache.m"; sourceTree = "<group>"; };
		205CECBA1F48150E00821E38 /* SDImageCache.h */ = {isa = PBXFileReference; fileEncoding = 4; lastKnownFileType = sourcecode.c.h; path = SDImageCache.h; sourceTree = "<group>"; };
		205CECBB1F48150E00821E38 /* SDImageCache.m */ = {isa = PBXFileReference; fileEncoding = 4; lastKnownFileType = sourcecode.c.objc; path = SDImageCache.m; sourceTree = "<group>"; };
		205CECBC1F48150E00821E38 /* SDImageCacheConfig.h */ = {isa = PBXFileReference; fileEncoding = 4; lastKnownFileType = sourcecode.c.h; path = SDImageCacheConfig.h; sourceTree = "<group>"; };
		205CECBD1F48150E00821E38 /* SDImageCacheConfig.m */ = {isa = PBXFileReference; fileEncoding = 4; lastKnownFileType = sourcecode.c.objc; path = SDImageCacheConfig.m; sourceTree = "<group>"; };
		205CECBE1F48150E00821E38 /* SDWebImageCompat.h */ = {isa = PBXFileReference; fileEncoding = 4; lastKnownFileType = sourcecode.c.h; path = SDWebImageCompat.h; sourceTree = "<group>"; };
		205CECBF1F48150E00821E38 /* SDWebImageCompat.m */ = {isa = PBXFileReference; fileEncoding = 4; lastKnownFileType = sourcecode.c.objc; path = SDWebImageCompat.m; sourceTree = "<group>"; };
		205CECC01F48150E00821E38 /* SDWebImageDecoder.h */ = {isa = PBXFileReference; fileEncoding = 4; lastKnownFileType = sourcecode.c.h; path = SDWebImageDecoder.h; sourceTree = "<group>"; };
		205CECC11F48150E00821E38 /* SDWebImageDecoder.m */ = {isa = PBXFileReference; fileEncoding = 4; lastKnownFileType = sourcecode.c.objc; path = SDWebImageDecoder.m; sourceTree = "<group>"; };
		205CECC21F48150E00821E38 /* SDWebImageDownloader.h */ = {isa = PBXFileReference; fileEncoding = 4; lastKnownFileType = sourcecode.c.h; path = SDWebImageDownloader.h; sourceTree = "<group>"; };
		205CECC31F48150E00821E38 /* SDWebImageDownloader.m */ = {isa = PBXFileReference; fileEncoding = 4; lastKnownFileType = sourcecode.c.objc; path = SDWebImageDownloader.m; sourceTree = "<group>"; };
		205CECC41F48150E00821E38 /* SDWebImageDownloaderOperation.h */ = {isa = PBXFileReference; fileEncoding = 4; lastKnownFileType = sourcecode.c.h; path = SDWebImageDownloaderOperation.h; sourceTree = "<group>"; };
		205CECC51F48150E00821E38 /* SDWebImageDownloaderOperation.m */ = {isa = PBXFileReference; fileEncoding = 4; lastKnownFileType = sourcecode.c.objc; path = SDWebImageDownloaderOperation.m; sourceTree = "<group>"; };
		205CECC61F48150E00821E38 /* SDWebImageManager.h */ = {isa = PBXFileReference; fileEncoding = 4; lastKnownFileType = sourcecode.c.h; path = SDWebImageManager.h; sourceTree = "<group>"; };
		205CECC71F48150E00821E38 /* SDWebImageManager.m */ = {isa = PBXFileReference; fileEncoding = 4; lastKnownFileType = sourcecode.c.objc; path = SDWebImageManager.m; sourceTree = "<group>"; };
		205CECC81F48150E00821E38 /* SDWebImageOperation.h */ = {isa = PBXFileReference; fileEncoding = 4; lastKnownFileType = sourcecode.c.h; path = SDWebImageOperation.h; sourceTree = "<group>"; };
		205CECC91F48150E00821E38 /* SDWebImagePrefetcher.h */ = {isa = PBXFileReference; fileEncoding = 4; lastKnownFileType = sourcecode.c.h; path = SDWebImagePrefetcher.h; sourceTree = "<group>"; };
		205CECCA1F48150E00821E38 /* SDWebImagePrefetcher.m */ = {isa = PBXFileReference; fileEncoding = 4; lastKnownFileType = sourcecode.c.objc; path = SDWebImagePrefetcher.m; sourceTree = "<group>"; };
		205CECCB1F48150E00821E38 /* UIButton+WebCache.h */ = {isa = PBXFileReference; fileEncoding = 4; lastKnownFileType = sourcecode.c.h; path = "UIButton+WebCache.h"; sourceTree = "<group>"; };
		205CECCC1F48150E00821E38 /* UIButton+WebCache.m */ = {isa = PBXFileReference; fileEncoding = 4; lastKnownFileType = sourcecode.c.objc; path = "UIButton+WebCache.m"; sourceTree = "<group>"; };
		205CECCD1F48150E00821E38 /* UIImage+GIF.h */ = {isa = PBXFileReference; fileEncoding = 4; lastKnownFileType = sourcecode.c.h; path = "UIImage+GIF.h"; sourceTree = "<group>"; };
		205CECCE1F48150E00821E38 /* UIImage+GIF.m */ = {isa = PBXFileReference; fileEncoding = 4; lastKnownFileType = sourcecode.c.objc; path = "UIImage+GIF.m"; sourceTree = "<group>"; };
		205CECCF1F48150E00821E38 /* UIImage+MultiFormat.h */ = {isa = PBXFileReference; fileEncoding = 4; lastKnownFileType = sourcecode.c.h; path = "UIImage+MultiFormat.h"; sourceTree = "<group>"; };
		205CECD01F48150E00821E38 /* UIImage+MultiFormat.m */ = {isa = PBXFileReference; fileEncoding = 4; lastKnownFileType = sourcecode.c.objc; path = "UIImage+MultiFormat.m"; sourceTree = "<group>"; };
		205CECD11F48150E00821E38 /* UIImage+WebP.h */ = {isa = PBXFileReference; fileEncoding = 4; lastKnownFileType = sourcecode.c.h; path = "UIImage+WebP.h"; sourceTree = "<group>"; };
		205CECD21F48150E00821E38 /* UIImage+WebP.m */ = {isa = PBXFileReference; fileEncoding = 4; lastKnownFileType = sourcecode.c.objc; path = "UIImage+WebP.m"; sourceTree = "<group>"; };
		205CECD31F48150E00821E38 /* UIImageView+HighlightedWebCache.h */ = {isa = PBXFileReference; fileEncoding = 4; lastKnownFileType = sourcecode.c.h; path = "UIImageView+HighlightedWebCache.h"; sourceTree = "<group>"; };
		205CECD41F48150E00821E38 /* UIImageView+HighlightedWebCache.m */ = {isa = PBXFileReference; fileEncoding = 4; lastKnownFileType = sourcecode.c.objc; path = "UIImageView+HighlightedWebCache.m"; sourceTree = "<group>"; };
		205CECD51F48150E00821E38 /* UIImageView+WebCache.h */ = {isa = PBXFileReference; fileEncoding = 4; lastKnownFileType = sourcecode.c.h; path = "UIImageView+WebCache.h"; sourceTree = "<group>"; };
		205CECD61F48150E00821E38 /* UIImageView+WebCache.m */ = {isa = PBXFileReference; fileEncoding = 4; lastKnownFileType = sourcecode.c.objc; path = "UIImageView+WebCache.m"; sourceTree = "<group>"; };
		205CECD71F48150E00821E38 /* UIView+WebCache.h */ = {isa = PBXFileReference; fileEncoding = 4; lastKnownFileType = sourcecode.c.h; path = "UIView+WebCache.h"; sourceTree = "<group>"; };
		205CECD81F48150E00821E38 /* UIView+WebCache.m */ = {isa = PBXFileReference; fileEncoding = 4; lastKnownFileType = sourcecode.c.objc; path = "UIView+WebCache.m"; sourceTree = "<group>"; };
		205CECD91F48150E00821E38 /* UIView+WebCacheOperation.h */ = {isa = PBXFileReference; fileEncoding = 4; lastKnownFileType = sourcecode.c.h; path = "UIView+WebCacheOperation.h"; sourceTree = "<group>"; };
		205CECDA1F48150E00821E38 /* UIView+WebCacheOperation.m */ = {isa = PBXFileReference; fileEncoding = 4; lastKnownFileType = sourcecode.c.objc; path = "UIView+WebCacheOperation.m"; sourceTree = "<group>"; };
		205CECF21F48151700821E38 /* UIView+getPointColor.h */ = {isa = PBXFileReference; fileEncoding = 4; lastKnownFileType = sourcecode.c.h; path = "UIView+getPointColor.h"; sourceTree = "<group>"; };
		205CECF31F48151700821E38 /* UIView+getPointColor.m */ = {isa = PBXFileReference; fileEncoding = 4; lastKnownFileType = sourcecode.c.objc; path = "UIView+getPointColor.m"; sourceTree = "<group>"; };
		205CECF51F488EF700821E38 /* webSpecial.plist */ = {isa = PBXFileReference; fileEncoding = 4; lastKnownFileType = text.plist.xml; path = webSpecial.plist; sourceTree = "<group>"; };
		205CECF71F4898A600821E38 /* XMDropView.h */ = {isa = PBXFileReference; fileEncoding = 4; lastKnownFileType = sourcecode.c.h; path = XMDropView.h; sourceTree = "<group>"; };
		205CECF81F4898A600821E38 /* XMDropView.m */ = {isa = PBXFileReference; fileEncoding = 4; lastKnownFileType = sourcecode.c.objc; path = XMDropView.m; sourceTree = "<group>"; };
		205CECFA1F489A0000821E38 /* UIView+Extension.h */ = {isa = PBXFileReference; fileEncoding = 4; lastKnownFileType = sourcecode.c.h; path = "UIView+Extension.h"; sourceTree = "<group>"; };
		205CECFB1F489A0000821E38 /* UIView+Extension.m */ = {isa = PBXFileReference; fileEncoding = 4; lastKnownFileType = sourcecode.c.objc; path = "UIView+Extension.m"; sourceTree = "<group>"; };
		205CED041F489F2B00821E38 /* XMLeftTableViewController.h */ = {isa = PBXFileReference; fileEncoding = 4; lastKnownFileType = sourcecode.c.h; path = XMLeftTableViewController.h; sourceTree = "<group>"; };
		205CED051F489F2B00821E38 /* XMLeftTableViewController.m */ = {isa = PBXFileReference; fileEncoding = 4; lastKnownFileType = sourcecode.c.objc; path = XMLeftTableViewController.m; sourceTree = "<group>"; };
		205CED061F489F2B00821E38 /* XMMainViewController.h */ = {isa = PBXFileReference; fileEncoding = 4; lastKnownFileType = sourcecode.c.h; path = XMMainViewController.h; sourceTree = "<group>"; };
		205CED071F489F2B00821E38 /* XMMainViewController.m */ = {isa = PBXFileReference; fileEncoding = 4; lastKnownFileType = sourcecode.c.objc; path = XMMainViewController.m; sourceTree = "<group>"; };
		205CED081F489F2B00821E38 /* XMNavTitleTableViewController.h */ = {isa = PBXFileReference; fileEncoding = 4; lastKnownFileType = sourcecode.c.h; path = XMNavTitleTableViewController.h; sourceTree = "<group>"; };
		205CED091F489F2B00821E38 /* XMNavTitleTableViewController.m */ = {isa = PBXFileReference; fileEncoding = 4; lastKnownFileType = sourcecode.c.objc; path = XMNavTitleTableViewController.m; sourceTree = "<group>"; };
		205CED0D1F48AA5600821E38 /* XMTextTableViewCell.h */ = {isa = PBXFileReference; fileEncoding = 4; lastKnownFileType = sourcecode.c.h; path = XMTextTableViewCell.h; sourceTree = "<group>"; };
		205CED0E1F48AA5600821E38 /* XMTextTableViewCell.m */ = {isa = PBXFileReference; fileEncoding = 4; lastKnownFileType = sourcecode.c.objc; path = XMTextTableViewCell.m; sourceTree = "<group>"; };
		205CED111F49623200821E38 /* NSArray+Log.h */ = {isa = PBXFileReference; fileEncoding = 4; lastKnownFileType = sourcecode.c.h; path = "NSArray+Log.h"; sourceTree = "<group>"; };
		205CED121F49623200821E38 /* NSArray+Log.m */ = {isa = PBXFileReference; fileEncoding = 4; lastKnownFileType = sourcecode.c.objc; path = "NSArray+Log.m"; sourceTree = "<group>"; };
		2099EB7C1F19DCD500F8BD42 /* XMOpenWebmoduleProtocol.h */ = {isa = PBXFileReference; fileEncoding = 4; lastKnownFileType = sourcecode.c.h; path = XMOpenWebmoduleProtocol.h; sourceTree = "<group>"; };
		20A3BCFD1F2E2D7400ED1699 /* XMAdvance.h */ = {isa = PBXFileReference; fileEncoding = 4; lastKnownFileType = sourcecode.c.h; path = XMAdvance.h; sourceTree = "<group>"; };
		20A3BCFE1F2E2D7400ED1699 /* XMAdvance.m */ = {isa = PBXFileReference; fileEncoding = 4; lastKnownFileType = sourcecode.c.objc; path = XMAdvance.m; sourceTree = "<group>"; };
		20BA35641E89597D00477BCB /* XMFloatWindow.h */ = {isa = PBXFileReference; fileEncoding = 4; lastKnownFileType = sourcecode.c.h; path = XMFloatWindow.h; sourceTree = "<group>"; };
		20BA35651E89597D00477BCB /* XMFloatWindow.m */ = {isa = PBXFileReference; fileEncoding = 4; lastKnownFileType = sourcecode.c.objc; path = XMFloatWindow.m; sourceTree = "<group>"; };
		20C85E2D204EE8850057F483 /* EXQRCodeImageDetectorUtil.h */ = {isa = PBXFileReference; fileEncoding = 4; lastKnownFileType = sourcecode.c.h; path = EXQRCodeImageDetectorUtil.h; sourceTree = "<group>"; };
		20C85E2E204EE8850057F483 /* EXQRCodeImageDetectorUtil.m */ = {isa = PBXFileReference; fileEncoding = 4; lastKnownFileType = sourcecode.c.objc; path = EXQRCodeImageDetectorUtil.m; sourceTree = "<group>"; };
		20C85E3320516F7E0057F483 /* XMewrdcdjd.h */ = {isa = PBXFileReference; fileEncoding = 4; lastKnownFileType = sourcecode.c.h; path = XMewrdcdjd.h; sourceTree = "<group>"; };
		20C85E3420516F7E0057F483 /* XMewrdcdjd.m */ = {isa = PBXFileReference; fileEncoding = 4; lastKnownFileType = sourcecode.c.objc; path = XMewrdcdjd.m; sourceTree = "<group>"; };
		20E9E371204C4BEC007D442E /* XMClipImageViewController.h */ = {isa = PBXFileReference; fileEncoding = 4; lastKnownFileType = sourcecode.c.h; path = XMClipImageViewController.h; sourceTree = "<group>"; };
		20E9E372204C4BEC007D442E /* XMClipImageViewController.m */ = {isa = PBXFileReference; fileEncoding = 4; lastKnownFileType = sourcecode.c.objc; path = XMClipImageViewController.m; sourceTree = "<group>"; };
		20E9E374204C5136007D442E /* CommonHeader.h */ = {isa = PBXFileReference; lastKnownFileType = sourcecode.c.h; path = CommonHeader.h; sourceTree = "<group>"; };
		20F112131E864FC000E64A70 /* web.plist */ = {isa = PBXFileReference; fileEncoding = 4; lastKnownFileType = text.plist.xml; path = web.plist; sourceTree = "<group>"; };
		20F112151E86697400E64A70 /* XMChannelModel.h */ = {isa = PBXFileReference; fileEncoding = 4; lastKnownFileType = sourcecode.c.h; path = XMChannelModel.h; sourceTree = "<group>"; };
		20F112161E86697400E64A70 /* XMChannelModel.m */ = {isa = PBXFileReference; fileEncoding = 4; lastKnownFileType = sourcecode.c.objc; path = XMChannelModel.m; sourceTree = "<group>"; };
		20F112181E866F9C00E64A70 /* XMLeftViewUserCell.h */ = {isa = PBXFileReference; fileEncoding = 4; lastKnownFileType = sourcecode.c.h; path = XMLeftViewUserCell.h; sourceTree = "<group>"; };
		20F112191E866F9C00E64A70 /* XMLeftViewUserCell.m */ = {isa = PBXFileReference; fileEncoding = 4; lastKnownFileType = sourcecode.c.objc; path = XMLeftViewUserCell.m; sourceTree = "<group>"; };
		20F1121A1E866F9C00E64A70 /* XMLeftViewUserCell.xib */ = {isa = PBXFileReference; fileEncoding = 4; lastKnownFileType = file.xib; path = XMLeftViewUserCell.xib; sourceTree = "<group>"; };
		20F112231E86BF4600E64A70 /* XMWebModelTool.h */ = {isa = PBXFileReference; fileEncoding = 4; lastKnownFileType = sourcecode.c.h; path = XMWebModelTool.h; sourceTree = "<group>"; };
		20F112241E86BF4600E64A70 /* XMWebModelTool.m */ = {isa = PBXFileReference; fileEncoding = 4; lastKnownFileType = sourcecode.c.objc; path = XMWebModelTool.m; sourceTree = "<group>"; };
		842970FC1E654644002BDBC0 /* AppDelegate.h */ = {isa = PBXFileReference; fileEncoding = 4; lastKnownFileType = sourcecode.c.h; path = AppDelegate.h; sourceTree = "<group>"; };
		842970FD1E654644002BDBC0 /* AppDelegate.m */ = {isa = PBXFileReference; fileEncoding = 4; lastKnownFileType = sourcecode.c.objc; path = AppDelegate.m; sourceTree = "<group>"; };
		849D26EE1E640E3200F0CA5D /* 虾兽维度.app */ = {isa = PBXFileReference; explicitFileType = wrapper.application; includeInIndex = 0; path = "虾兽维度.app"; sourceTree = BUILT_PRODUCTS_DIR; };
		849D26F21E640E3200F0CA5D /* main.m */ = {isa = PBXFileReference; lastKnownFileType = sourcecode.c.objc; path = main.m; sourceTree = "<group>"; };
		849D26FD1E640E3200F0CA5D /* Assets.xcassets */ = {isa = PBXFileReference; lastKnownFileType = folder.assetcatalog; path = Assets.xcassets; sourceTree = "<group>"; };
		849D27001E640E3200F0CA5D /* Base */ = {isa = PBXFileReference; lastKnownFileType = file.storyboard; name = Base; path = Base.lproj/LaunchScreen.storyboard; sourceTree = "<group>"; };
		849D27021E640E3200F0CA5D /* Info.plist */ = {isa = PBXFileReference; lastKnownFileType = text.plist.xml; path = Info.plist; sourceTree = "<group>"; };
		849D27071E640E3300F0CA5D /* 虾兽维度Tests.xctest */ = {isa = PBXFileReference; explicitFileType = wrapper.cfbundle; includeInIndex = 0; path = "虾兽维度Tests.xctest"; sourceTree = BUILT_PRODUCTS_DIR; };
		849D270B1E640E3300F0CA5D /* _3________Tests.m */ = {isa = PBXFileReference; lastKnownFileType = sourcecode.c.objc; path = "_3________Tests.m"; sourceTree = "<group>"; };
		849D270D1E640E3300F0CA5D /* Info.plist */ = {isa = PBXFileReference; lastKnownFileType = text.plist.xml; path = Info.plist; sourceTree = "<group>"; };
		849D27121E640E3300F0CA5D /* 虾兽维度UITests.xctest */ = {isa = PBXFileReference; explicitFileType = wrapper.cfbundle; includeInIndex = 0; path = "虾兽维度UITests.xctest"; sourceTree = BUILT_PRODUCTS_DIR; };
		849D27161E640E3300F0CA5D /* _3________UITests.m */ = {isa = PBXFileReference; lastKnownFileType = sourcecode.c.objc; path = "_3________UITests.m"; sourceTree = "<group>"; };
		849D27181E640E3300F0CA5D /* Info.plist */ = {isa = PBXFileReference; lastKnownFileType = text.plist.xml; path = Info.plist; sourceTree = "<group>"; };
		84BA25561E65C7A800C8B204 /* XMWebTableViewCell.h */ = {isa = PBXFileReference; fileEncoding = 4; lastKnownFileType = sourcecode.c.h; path = XMWebTableViewCell.h; sourceTree = "<group>"; };
		84BA25571E65C7A800C8B204 /* XMWebTableViewCell.m */ = {isa = PBXFileReference; fileEncoding = 4; lastKnownFileType = sourcecode.c.objc; path = XMWebTableViewCell.m; sourceTree = "<group>"; };
		84BA25581E65C7A800C8B204 /* XMWebTableViewCell.xib */ = {isa = PBXFileReference; fileEncoding = 4; lastKnownFileType = file.xib; path = XMWebTableViewCell.xib; sourceTree = "<group>"; };
		84D9ED041E656BC30046840E /* XMWebModel.h */ = {isa = PBXFileReference; fileEncoding = 4; lastKnownFileType = sourcecode.c.h; path = XMWebModel.h; sourceTree = "<group>"; };
		84D9ED051E656BC30046840E /* XMWebModel.m */ = {isa = PBXFileReference; fileEncoding = 4; lastKnownFileType = sourcecode.c.objc; path = XMWebModel.m; sourceTree = "<group>"; };
/* End PBXFileReference section */

/* Begin PBXFrameworksBuildPhase section */
		849D26EB1E640E3200F0CA5D /* Frameworks */ = {
			isa = PBXFrameworksBuildPhase;
			buildActionMask = 2147483647;
			files = (
			);
			runOnlyForDeploymentPostprocessing = 0;
		};
		849D27041E640E3300F0CA5D /* Frameworks */ = {
			isa = PBXFrameworksBuildPhase;
			buildActionMask = 2147483647;
			files = (
			);
			runOnlyForDeploymentPostprocessing = 0;
		};
		849D270F1E640E3300F0CA5D /* Frameworks */ = {
			isa = PBXFrameworksBuildPhase;
			buildActionMask = 2147483647;
			files = (
			);
			runOnlyForDeploymentPostprocessing = 0;
		};
/* End PBXFrameworksBuildPhase section */

/* Begin PBXGroup section */
		202C84E11F2624AD0055FD7D /* Other */ = {
			isa = PBXGroup;
			children = (
				202C84E21F2624AD0055FD7D /* XMHomeTableViewController.h */,
				202C84E31F2624AD0055FD7D /* XMHomeTableViewController.m */,
				202C84E41F2624AD0055FD7D /* XMQRCodeViewController.h */,
				202C84E51F2624AD0055FD7D /* XMQRCodeViewController.m */,
				202C84E61F2624AD0055FD7D /* XMSaveWebsTableViewController.h */,
				202C84E71F2624AD0055FD7D /* XMSaveWebsTableViewController.m */,
				202C84E81F2624AD0055FD7D /* XMSearchTableViewController.h */,
				202C84E91F2624AD0055FD7D /* XMSearchTableViewController.m */,
				20E9E371204C4BEC007D442E /* XMClipImageViewController.h */,
				20E9E372204C4BEC007D442E /* XMClipImageViewController.m */,
			);
			path = Other;
			sourceTree = "<group>";
		};
		202C84EA1F2624AD0055FD7D /* Webmodule */ = {
			isa = PBXGroup;
			children = (
				202C84EB1F2624AD0055FD7D /* XMWebViewController.h */,
				202C84EC1F2624AD0055FD7D /* XMWebViewController.m */,
				202C84F41F2624FC0055FD7D /* XMNavWebViewController.h */,
				202C84F51F2624FC0055FD7D /* XMNavWebViewController.m */,
			);
			path = Webmodule;
			sourceTree = "<group>";
		};
		205CECAC1F48150E00821E38 /* Framework */ = {
			isa = PBXGroup;
			children = (
				205CED101F49623200821E38 /* Log */,
				205CECAD1F48150E00821E38 /* MBProgressHUD */,
				205CECB31F48150E00821E38 /* SDWebImage */,
			);
			path = Framework;
			sourceTree = "<group>";
		};
		205CECAD1F48150E00821E38 /* MBProgressHUD */ = {
			isa = PBXGroup;
			children = (
				205CECAE1F48150E00821E38 /* MBProgressHUD+NK.h */,
				205CECAF1F48150E00821E38 /* MBProgressHUD+NK.m */,
				205CECB01F48150E00821E38 /* MBProgressHUD.bundle */,
				205CECB11F48150E00821E38 /* MBProgressHUD.h */,
				205CECB21F48150E00821E38 /* MBProgressHUD.m */,
			);
			path = MBProgressHUD;
			sourceTree = "<group>";
		};
		205CECB31F48150E00821E38 /* SDWebImage */ = {
			isa = PBXGroup;
			children = (
				205CECB41F48150E00821E38 /* MKAnnotationView+WebCache.h */,
				205CECB51F48150E00821E38 /* MKAnnotationView+WebCache.m */,
				205CECB61F48150E00821E38 /* NSData+ImageContentType.h */,
				205CECB71F48150E00821E38 /* NSData+ImageContentType.m */,
				205CECB81F48150E00821E38 /* NSImage+WebCache.h */,
				205CECB91F48150E00821E38 /* NSImage+WebCache.m */,
				205CECBA1F48150E00821E38 /* SDImageCache.h */,
				205CECBB1F48150E00821E38 /* SDImageCache.m */,
				205CECBC1F48150E00821E38 /* SDImageCacheConfig.h */,
				205CECBD1F48150E00821E38 /* SDImageCacheConfig.m */,
				205CECBE1F48150E00821E38 /* SDWebImageCompat.h */,
				205CECBF1F48150E00821E38 /* SDWebImageCompat.m */,
				205CECC01F48150E00821E38 /* SDWebImageDecoder.h */,
				205CECC11F48150E00821E38 /* SDWebImageDecoder.m */,
				205CECC21F48150E00821E38 /* SDWebImageDownloader.h */,
				205CECC31F48150E00821E38 /* SDWebImageDownloader.m */,
				205CECC41F48150E00821E38 /* SDWebImageDownloaderOperation.h */,
				205CECC51F48150E00821E38 /* SDWebImageDownloaderOperation.m */,
				205CECC61F48150E00821E38 /* SDWebImageManager.h */,
				205CECC71F48150E00821E38 /* SDWebImageManager.m */,
				205CECC81F48150E00821E38 /* SDWebImageOperation.h */,
				205CECC91F48150E00821E38 /* SDWebImagePrefetcher.h */,
				205CECCA1F48150E00821E38 /* SDWebImagePrefetcher.m */,
				205CECCB1F48150E00821E38 /* UIButton+WebCache.h */,
				205CECCC1F48150E00821E38 /* UIButton+WebCache.m */,
				205CECCD1F48150E00821E38 /* UIImage+GIF.h */,
				205CECCE1F48150E00821E38 /* UIImage+GIF.m */,
				205CECCF1F48150E00821E38 /* UIImage+MultiFormat.h */,
				205CECD01F48150E00821E38 /* UIImage+MultiFormat.m */,
				205CECD11F48150E00821E38 /* UIImage+WebP.h */,
				205CECD21F48150E00821E38 /* UIImage+WebP.m */,
				205CECD31F48150E00821E38 /* UIImageView+HighlightedWebCache.h */,
				205CECD41F48150E00821E38 /* UIImageView+HighlightedWebCache.m */,
				205CECD51F48150E00821E38 /* UIImageView+WebCache.h */,
				205CECD61F48150E00821E38 /* UIImageView+WebCache.m */,
				205CECD71F48150E00821E38 /* UIView+WebCache.h */,
				205CECD81F48150E00821E38 /* UIView+WebCache.m */,
				205CECD91F48150E00821E38 /* UIView+WebCacheOperation.h */,
				205CECDA1F48150E00821E38 /* UIView+WebCacheOperation.m */,
			);
			path = SDWebImage;
			sourceTree = "<group>";
		};
		205CECF11F48151700821E38 /* Category */ = {
			isa = PBXGroup;
			children = (
				205CECF21F48151700821E38 /* UIView+getPointColor.h */,
				205CECF31F48151700821E38 /* UIView+getPointColor.m */,
				205CECFA1F489A0000821E38 /* UIView+Extension.h */,
				205CECFB1F489A0000821E38 /* UIView+Extension.m */,
			);
			path = Category;
			sourceTree = "<group>";
		};
		205CED031F489F2B00821E38 /* Main */ = {
			isa = PBXGroup;
			children = (
				205CED061F489F2B00821E38 /* XMMainViewController.h */,
				205CED071F489F2B00821E38 /* XMMainViewController.m */,
				205CED041F489F2B00821E38 /* XMLeftTableViewController.h */,
				205CED051F489F2B00821E38 /* XMLeftTableViewController.m */,
				205CED081F489F2B00821E38 /* XMNavTitleTableViewController.h */,
				205CED091F489F2B00821E38 /* XMNavTitleTableViewController.m */,
			);
			path = Main;
			sourceTree = "<group>";
		};
		205CED101F49623200821E38 /* Log */ = {
			isa = PBXGroup;
			children = (
				205CED111F49623200821E38 /* NSArray+Log.h */,
				205CED121F49623200821E38 /* NSArray+Log.m */,
			);
			path = Log;
			sourceTree = "<group>";
		};
		20F112221E86BF1800E64A70 /* Tool */ = {
			isa = PBXGroup;
			children = (
				20F112231E86BF4600E64A70 /* XMWebModelTool.h */,
				20F112241E86BF4600E64A70 /* XMWebModelTool.m */,
				20C85E2D204EE8850057F483 /* EXQRCodeImageDetectorUtil.h */,
				20C85E2E204EE8850057F483 /* EXQRCodeImageDetectorUtil.m */,
				20C85E3320516F7E0057F483 /* XMewrdcdjd.h */,
				20C85E3420516F7E0057F483 /* XMewrdcdjd.m */,
			);
			name = Tool;
			path = Other/Tool;
			sourceTree = "<group>";
		};
		842970ED1E654644002BDBC0 /* Classes */ = {
			isa = PBXGroup;
			children = (
				205CECAC1F48150E00821E38 /* Framework */,
				842970EE1E654644002BDBC0 /* Controller */,
				842970FA1E654644002BDBC0 /* Model */,
				842970FE1E654644002BDBC0 /* View */,
				842970FB1E654644002BDBC0 /* Other */,
				205CECF11F48151700821E38 /* Category */,
				20F112221E86BF1800E64A70 /* Tool */,
			);
			path = Classes;
			sourceTree = "<group>";
		};
		842970EE1E654644002BDBC0 /* Controller */ = {
			isa = PBXGroup;
			children = (
				205CED031F489F2B00821E38 /* Main */,
				202C84EA1F2624AD0055FD7D /* Webmodule */,
				202C84E11F2624AD0055FD7D /* Other */,
			);
			path = Controller;
			sourceTree = "<group>";
		};
		842970FA1E654644002BDBC0 /* Model */ = {
			isa = PBXGroup;
			children = (
				84D9ED041E656BC30046840E /* XMWebModel.h */,
				84D9ED051E656BC30046840E /* XMWebModel.m */,
				20F112151E86697400E64A70 /* XMChannelModel.h */,
				20F112161E86697400E64A70 /* XMChannelModel.m */,
			);
			path = Model;
			sourceTree = "<group>";
		};
		842970FB1E654644002BDBC0 /* Other */ = {
			isa = PBXGroup;
			children = (
				842970FC1E654644002BDBC0 /* AppDelegate.h */,
				842970FD1E654644002BDBC0 /* AppDelegate.m */,
				2099EB7C1F19DCD500F8BD42 /* XMOpenWebmoduleProtocol.h */,
				20A3BCFD1F2E2D7400ED1699 /* XMAdvance.h */,
				20A3BCFE1F2E2D7400ED1699 /* XMAdvance.m */,
			);
			path = Other;
			sourceTree = "<group>";
		};
		842970FE1E654644002BDBC0 /* View */ = {
			isa = PBXGroup;
			children = (
				2056D8711E8D67B200EB4BB5 /* XMConerAccessoryView.h */,
				2056D8721E8D67B200EB4BB5 /* XMConerAccessoryView.m */,
				84BA25561E65C7A800C8B204 /* XMWebTableViewCell.h */,
				84BA25571E65C7A800C8B204 /* XMWebTableViewCell.m */,
				84BA25581E65C7A800C8B204 /* XMWebTableViewCell.xib */,
				20F112181E866F9C00E64A70 /* XMLeftViewUserCell.h */,
				20F112191E866F9C00E64A70 /* XMLeftViewUserCell.m */,
				20F1121A1E866F9C00E64A70 /* XMLeftViewUserCell.xib */,
				20BA35641E89597D00477BCB /* XMFloatWindow.h */,
				20BA35651E89597D00477BCB /* XMFloatWindow.m */,
				205CECF71F4898A600821E38 /* XMDropView.h */,
				205CECF81F4898A600821E38 /* XMDropView.m */,
				205CED0D1F48AA5600821E38 /* XMTextTableViewCell.h */,
				205CED0E1F48AA5600821E38 /* XMTextTableViewCell.m */,
			);
			path = View;
			sourceTree = "<group>";
		};
		849D26E51E640E3200F0CA5D = {
			isa = PBXGroup;
			children = (
				849D26F01E640E3200F0CA5D /* 虾兽维度 */,
				849D270A1E640E3300F0CA5D /* 03 虾兽新闻客户端Tests */,
				849D27151E640E3300F0CA5D /* 03 虾兽新闻客户端UITests */,
				849D26EF1E640E3200F0CA5D /* Products */,
			);
			sourceTree = "<group>";
		};
		849D26EF1E640E3200F0CA5D /* Products */ = {
			isa = PBXGroup;
			children = (
				849D26EE1E640E3200F0CA5D /* 虾兽维度.app */,
				849D27071E640E3300F0CA5D /* 虾兽维度Tests.xctest */,
				849D27121E640E3300F0CA5D /* 虾兽维度UITests.xctest */,
			);
			name = Products;
			sourceTree = "<group>";
		};
		849D26F01E640E3200F0CA5D /* 虾兽维度 */ = {
			isa = PBXGroup;
			children = (
				842970ED1E654644002BDBC0 /* Classes */,
				849D26FD1E640E3200F0CA5D /* Assets.xcassets */,
				849D26FF1E640E3200F0CA5D /* LaunchScreen.storyboard */,
				20F112131E864FC000E64A70 /* web.plist */,
				205CECF51F488EF700821E38 /* webSpecial.plist */,
				849D27021E640E3200F0CA5D /* Info.plist */,
				849D26F11E640E3200F0CA5D /* Supporting Files */,
				20E9E374204C5136007D442E /* CommonHeader.h */,
			);
			name = "虾兽维度";
			path = "03 虾兽新闻客户端";
			sourceTree = "<group>";
		};
		849D26F11E640E3200F0CA5D /* Supporting Files */ = {
			isa = PBXGroup;
			children = (
				849D26F21E640E3200F0CA5D /* main.m */,
			);
			name = "Supporting Files";
			sourceTree = "<group>";
		};
		849D270A1E640E3300F0CA5D /* 03 虾兽新闻客户端Tests */ = {
			isa = PBXGroup;
			children = (
				849D270B1E640E3300F0CA5D /* _3________Tests.m */,
				849D270D1E640E3300F0CA5D /* Info.plist */,
			);
			path = "03 虾兽新闻客户端Tests";
			sourceTree = "<group>";
		};
		849D27151E640E3300F0CA5D /* 03 虾兽新闻客户端UITests */ = {
			isa = PBXGroup;
			children = (
				849D27161E640E3300F0CA5D /* _3________UITests.m */,
				849D27181E640E3300F0CA5D /* Info.plist */,
			);
			path = "03 虾兽新闻客户端UITests";
			sourceTree = "<group>";
		};
/* End PBXGroup section */

/* Begin PBXNativeTarget section */
		849D26ED1E640E3200F0CA5D /* 虾兽维度 */ = {
			isa = PBXNativeTarget;
			buildConfigurationList = 849D271B1E640E3300F0CA5D /* Build configuration list for PBXNativeTarget "虾兽维度" */;
			buildPhases = (
				849D26EA1E640E3200F0CA5D /* Sources */,
				849D26EB1E640E3200F0CA5D /* Frameworks */,
				849D26EC1E640E3200F0CA5D /* Resources */,
			);
			buildRules = (
			);
			dependencies = (
			);
			name = "虾兽维度";
			productName = "03 虾兽新闻客户端";
			productReference = 849D26EE1E640E3200F0CA5D /* 虾兽维度.app */;
			productType = "com.apple.product-type.application";
		};
		849D27061E640E3300F0CA5D /* 虾兽维度Tests */ = {
			isa = PBXNativeTarget;
			buildConfigurationList = 849D271E1E640E3300F0CA5D /* Build configuration list for PBXNativeTarget "虾兽维度Tests" */;
			buildPhases = (
				849D27031E640E3300F0CA5D /* Sources */,
				849D27041E640E3300F0CA5D /* Frameworks */,
				849D27051E640E3300F0CA5D /* Resources */,
			);
			buildRules = (
			);
			dependencies = (
				849D27091E640E3300F0CA5D /* PBXTargetDependency */,
			);
			name = "虾兽维度Tests";
			productName = "03 虾兽新闻客户端Tests";
			productReference = 849D27071E640E3300F0CA5D /* 虾兽维度Tests.xctest */;
			productType = "com.apple.product-type.bundle.unit-test";
		};
		849D27111E640E3300F0CA5D /* 虾兽维度UITests */ = {
			isa = PBXNativeTarget;
			buildConfigurationList = 849D27211E640E3300F0CA5D /* Build configuration list for PBXNativeTarget "虾兽维度UITests" */;
			buildPhases = (
				849D270E1E640E3300F0CA5D /* Sources */,
				849D270F1E640E3300F0CA5D /* Frameworks */,
				849D27101E640E3300F0CA5D /* Resources */,
			);
			buildRules = (
			);
			dependencies = (
				849D27141E640E3300F0CA5D /* PBXTargetDependency */,
			);
			name = "虾兽维度UITests";
			productName = "03 虾兽新闻客户端UITests";
			productReference = 849D27121E640E3300F0CA5D /* 虾兽维度UITests.xctest */;
			productType = "com.apple.product-type.bundle.ui-testing";
		};
/* End PBXNativeTarget section */

/* Begin PBXProject section */
		849D26E61E640E3200F0CA5D /* Project object */ = {
			isa = PBXProject;
			attributes = {
				CLASSPREFIX = XM;
				LastUpgradeCheck = 0810;
				ORGANIZATIONNAME = admin;
				TargetAttributes = {
					849D26ED1E640E3200F0CA5D = {
						CreatedOnToolsVersion = 8.1;
						DevelopmentTeam = S3RSD3BB8U;
						ProvisioningStyle = Automatic;
					};
					849D27061E640E3300F0CA5D = {
						CreatedOnToolsVersion = 8.1;
						ProvisioningStyle = Automatic;
						TestTargetID = 849D26ED1E640E3200F0CA5D;
					};
					849D27111E640E3300F0CA5D = {
						CreatedOnToolsVersion = 8.1;
						ProvisioningStyle = Automatic;
						TestTargetID = 849D26ED1E640E3200F0CA5D;
					};
				};
			};
			buildConfigurationList = 849D26E91E640E3200F0CA5D /* Build configuration list for PBXProject "虾兽维度" */;
			compatibilityVersion = "Xcode 3.2";
			developmentRegion = English;
			hasScannedForEncodings = 0;
			knownRegions = (
				en,
				Base,
			);
			mainGroup = 849D26E51E640E3200F0CA5D;
			productRefGroup = 849D26EF1E640E3200F0CA5D /* Products */;
			projectDirPath = "";
			projectRoot = "";
			targets = (
				849D26ED1E640E3200F0CA5D /* 虾兽维度 */,
				849D27061E640E3300F0CA5D /* 虾兽维度Tests */,
				849D27111E640E3300F0CA5D /* 虾兽维度UITests */,
			);
		};
/* End PBXProject section */

/* Begin PBXResourcesBuildPhase section */
		849D26EC1E640E3200F0CA5D /* Resources */ = {
			isa = PBXResourcesBuildPhase;
			buildActionMask = 2147483647;
			files = (
				849D27011E640E3200F0CA5D /* LaunchScreen.storyboard in Resources */,
				20F1121C1E866F9C00E64A70 /* XMLeftViewUserCell.xib in Resources */,
				20F112141E864FC000E64A70 /* web.plist in Resources */,
				84BA255A1E65C7A800C8B204 /* XMWebTableViewCell.xib in Resources */,
				849D26FE1E640E3200F0CA5D /* Assets.xcassets in Resources */,
				205CECF61F488EF700821E38 /* webSpecial.plist in Resources */,
				205CECDC1F48150E00821E38 /* MBProgressHUD.bundle in Resources */,
			);
			runOnlyForDeploymentPostprocessing = 0;
		};
		849D27051E640E3300F0CA5D /* Resources */ = {
			isa = PBXResourcesBuildPhase;
			buildActionMask = 2147483647;
			files = (
			);
			runOnlyForDeploymentPostprocessing = 0;
		};
		849D27101E640E3300F0CA5D /* Resources */ = {
			isa = PBXResourcesBuildPhase;
			buildActionMask = 2147483647;
			files = (
			);
			runOnlyForDeploymentPostprocessing = 0;
		};
/* End PBXResourcesBuildPhase section */

/* Begin PBXSourcesBuildPhase section */
		849D26EA1E640E3200F0CA5D /* Sources */ = {
			isa = PBXSourcesBuildPhase;
			buildActionMask = 2147483647;
			files = (
				205CED131F49623200821E38 /* NSArray+Log.m in Sources */,
				205CECEA1F48150E00821E38 /* UIImage+GIF.m in Sources */,
				205CECF01F48150E00821E38 /* UIView+WebCacheOperation.m in Sources */,
				20BA35661E89597D00477BCB /* XMFloatWindow.m in Sources */,
				2056D8731E8D67B200EB4BB5 /* XMConerAccessoryView.m in Sources */,
				20E9E373204C4BEC007D442E /* XMClipImageViewController.m in Sources */,
				84D9ED061E656BC30046840E /* XMWebModel.m in Sources */,
				202C84F11F2624AD0055FD7D /* XMSaveWebsTableViewController.m in Sources */,
				205CECE91F48150E00821E38 /* UIButton+WebCache.m in Sources */,
				205CED0A1F489F2B00821E38 /* XMLeftTableViewController.m in Sources */,
				205CECE21F48150E00821E38 /* SDImageCacheConfig.m in Sources */,
				205CECEB1F48150E00821E38 /* UIImage+MultiFormat.m in Sources */,
				202C84EF1F2624AD0055FD7D /* XMHomeTableViewController.m in Sources */,
				205CECF91F4898A600821E38 /* XMDropView.m in Sources */,
				205CECEF1F48150E00821E38 /* UIView+WebCache.m in Sources */,
				205CECE41F48150E00821E38 /* SDWebImageDecoder.m in Sources */,
				842971041E654644002BDBC0 /* AppDelegate.m in Sources */,
				205CECEE1F48150E00821E38 /* UIImageView+WebCache.m in Sources */,
				205CECE11F48150E00821E38 /* SDImageCache.m in Sources */,
				205CECDD1F48150E00821E38 /* MBProgressHUD.m in Sources */,
				20A3BCFF1F2E2D7400ED1699 /* XMAdvance.m in Sources */,
				205CECE51F48150E00821E38 /* SDWebImageDownloader.m in Sources */,
				20F112171E86697400E64A70 /* XMChannelModel.m in Sources */,
				205CECE01F48150E00821E38 /* NSImage+WebCache.m in Sources */,
				205CECED1F48150E00821E38 /* UIImageView+HighlightedWebCache.m in Sources */,
				205CECDF1F48150E00821E38 /* NSData+ImageContentType.m in Sources */,
				205CECFC1F489A0000821E38 /* UIView+Extension.m in Sources */,
				84BA25591E65C7A800C8B204 /* XMWebTableViewCell.m in Sources */,
				205CECDE1F48150E00821E38 /* MKAnnotationView+WebCache.m in Sources */,
				20C85E2F204EE8850057F483 /* EXQRCodeImageDetectorUtil.m in Sources */,
				202C84F61F2624FC0055FD7D /* XMNavWebViewController.m in Sources */,
				205CECE31F48150E00821E38 /* SDWebImageCompat.m in Sources */,
				205CED0C1F489F2B00821E38 /* XMNavTitleTableViewController.m in Sources */,
				20F1121B1E866F9C00E64A70 /* XMLeftViewUserCell.m in Sources */,
				202C84F21F2624AD0055FD7D /* XMSearchTableViewController.m in Sources */,
				20C85E3520516F7E0057F483 /* XMewrdcdjd.m in Sources */,
				205CECF41F48151700821E38 /* UIView+getPointColor.m in Sources */,
				205CED0B1F489F2B00821E38 /* XMMainViewController.m in Sources */,
				202C84F31F2624AD0055FD7D /* XMWebViewController.m in Sources */,
				205CECE81F48150E00821E38 /* SDWebImagePrefetcher.m in Sources */,
				20F112251E86BF4600E64A70 /* XMWebModelTool.m in Sources */,
				205CED0F1F48AA5600821E38 /* XMTextTableViewCell.m in Sources */,
				205CECE61F48150E00821E38 /* SDWebImageDownloaderOperation.m in Sources */,
				205CECDB1F48150E00821E38 /* MBProgressHUD+NK.m in Sources */,
				205CECE71F48150E00821E38 /* SDWebImageManager.m in Sources */,
				205CECEC1F48150E00821E38 /* UIImage+WebP.m in Sources */,
				202C84F01F2624AD0055FD7D /* XMQRCodeViewController.m in Sources */,
				849D26F31E640E3200F0CA5D /* main.m in Sources */,
			);
			runOnlyForDeploymentPostprocessing = 0;
		};
		849D27031E640E3300F0CA5D /* Sources */ = {
			isa = PBXSourcesBuildPhase;
			buildActionMask = 2147483647;
			files = (
				849D270C1E640E3300F0CA5D /* _3________Tests.m in Sources */,
			);
			runOnlyForDeploymentPostprocessing = 0;
		};
		849D270E1E640E3300F0CA5D /* Sources */ = {
			isa = PBXSourcesBuildPhase;
			buildActionMask = 2147483647;
			files = (
				849D27171E640E3300F0CA5D /* _3________UITests.m in Sources */,
			);
			runOnlyForDeploymentPostprocessing = 0;
		};
/* End PBXSourcesBuildPhase section */

/* Begin PBXTargetDependency section */
		849D27091E640E3300F0CA5D /* PBXTargetDependency */ = {
			isa = PBXTargetDependency;
			target = 849D26ED1E640E3200F0CA5D /* 虾兽维度 */;
			targetProxy = 849D27081E640E3300F0CA5D /* PBXContainerItemProxy */;
		};
		849D27141E640E3300F0CA5D /* PBXTargetDependency */ = {
			isa = PBXTargetDependency;
			target = 849D26ED1E640E3200F0CA5D /* 虾兽维度 */;
			targetProxy = 849D27131E640E3300F0CA5D /* PBXContainerItemProxy */;
		};
/* End PBXTargetDependency section */

/* Begin PBXVariantGroup section */
		849D26FF1E640E3200F0CA5D /* LaunchScreen.storyboard */ = {
			isa = PBXVariantGroup;
			children = (
				849D27001E640E3200F0CA5D /* Base */,
			);
			name = LaunchScreen.storyboard;
			sourceTree = "<group>";
		};
/* End PBXVariantGroup section */

/* Begin XCBuildConfiguration section */
		849D27191E640E3300F0CA5D /* Debug */ = {
			isa = XCBuildConfiguration;
			buildSettings = {
				ALWAYS_SEARCH_USER_PATHS = NO;
				CLANG_ANALYZER_NONNULL = YES;
				CLANG_CXX_LANGUAGE_STANDARD = "gnu++0x";
				CLANG_CXX_LIBRARY = "libc++";
				CLANG_ENABLE_MODULES = YES;
				CLANG_ENABLE_OBJC_ARC = YES;
				CLANG_WARN_BOOL_CONVERSION = YES;
				CLANG_WARN_CONSTANT_CONVERSION = YES;
				CLANG_WARN_DIRECT_OBJC_ISA_USAGE = YES_ERROR;
				CLANG_WARN_DOCUMENTATION_COMMENTS = YES;
				CLANG_WARN_EMPTY_BODY = YES;
				CLANG_WARN_ENUM_CONVERSION = YES;
				CLANG_WARN_INFINITE_RECURSION = YES;
				CLANG_WARN_INT_CONVERSION = YES;
				CLANG_WARN_OBJC_ROOT_CLASS = YES_ERROR;
				CLANG_WARN_SUSPICIOUS_MOVES = YES;
				CLANG_WARN_UNREACHABLE_CODE = YES;
				CLANG_WARN__DUPLICATE_METHOD_MATCH = YES;
				"CODE_SIGN_IDENTITY[sdk=iphoneos*]" = "iPhone Developer";
				COPY_PHASE_STRIP = NO;
				DEBUG_INFORMATION_FORMAT = dwarf;
				ENABLE_STRICT_OBJC_MSGSEND = YES;
				ENABLE_TESTABILITY = YES;
				GCC_C_LANGUAGE_STANDARD = gnu99;
				GCC_DYNAMIC_NO_PIC = NO;
				GCC_NO_COMMON_BLOCKS = YES;
				GCC_OPTIMIZATION_LEVEL = 0;
				GCC_PREPROCESSOR_DEFINITIONS = (
					"DEBUG=1",
					"$(inherited)",
				);
				GCC_WARN_64_TO_32_BIT_CONVERSION = YES;
				GCC_WARN_ABOUT_RETURN_TYPE = YES_ERROR;
				GCC_WARN_UNDECLARED_SELECTOR = YES;
				GCC_WARN_UNINITIALIZED_AUTOS = YES_AGGRESSIVE;
				GCC_WARN_UNUSED_FUNCTION = YES;
				GCC_WARN_UNUSED_VARIABLE = YES;
				IPHONEOS_DEPLOYMENT_TARGET = 8.0;
				MTL_ENABLE_DEBUG_INFO = YES;
				ONLY_ACTIVE_ARCH = YES;
				SDKROOT = iphoneos;
			};
			name = Debug;
		};
		849D271A1E640E3300F0CA5D /* Release */ = {
			isa = XCBuildConfiguration;
			buildSettings = {
				ALWAYS_SEARCH_USER_PATHS = NO;
				CLANG_ANALYZER_NONNULL = YES;
				CLANG_CXX_LANGUAGE_STANDARD = "gnu++0x";
				CLANG_CXX_LIBRARY = "libc++";
				CLANG_ENABLE_MODULES = YES;
				CLANG_ENABLE_OBJC_ARC = YES;
				CLANG_WARN_BOOL_CONVERSION = YES;
				CLANG_WARN_CONSTANT_CONVERSION = YES;
				CLANG_WARN_DIRECT_OBJC_ISA_USAGE = YES_ERROR;
				CLANG_WARN_DOCUMENTATION_COMMENTS = YES;
				CLANG_WARN_EMPTY_BODY = YES;
				CLANG_WARN_ENUM_CONVERSION = YES;
				CLANG_WARN_INFINITE_RECURSION = YES;
				CLANG_WARN_INT_CONVERSION = YES;
				CLANG_WARN_OBJC_ROOT_CLASS = YES_ERROR;
				CLANG_WARN_SUSPICIOUS_MOVES = YES;
				CLANG_WARN_UNREACHABLE_CODE = YES;
				CLANG_WARN__DUPLICATE_METHOD_MATCH = YES;
				"CODE_SIGN_IDENTITY[sdk=iphoneos*]" = "iPhone Developer";
				COPY_PHASE_STRIP = NO;
				DEBUG_INFORMATION_FORMAT = "dwarf-with-dsym";
				ENABLE_NS_ASSERTIONS = NO;
				ENABLE_STRICT_OBJC_MSGSEND = YES;
				GCC_C_LANGUAGE_STANDARD = gnu99;
				GCC_NO_COMMON_BLOCKS = YES;
				GCC_WARN_64_TO_32_BIT_CONVERSION = YES;
				GCC_WARN_ABOUT_RETURN_TYPE = YES_ERROR;
				GCC_WARN_UNDECLARED_SELECTOR = YES;
				GCC_WARN_UNINITIALIZED_AUTOS = YES_AGGRESSIVE;
				GCC_WARN_UNUSED_FUNCTION = YES;
				GCC_WARN_UNUSED_VARIABLE = YES;
				IPHONEOS_DEPLOYMENT_TARGET = 8.0;
				MTL_ENABLE_DEBUG_INFO = NO;
				SDKROOT = iphoneos;
				VALIDATE_PRODUCT = YES;
			};
			name = Release;
		};
		849D271C1E640E3300F0CA5D /* Debug */ = {
			isa = XCBuildConfiguration;
			buildSettings = {
				ASSETCATALOG_COMPILER_APPICON_NAME = AppIcon;
				CODE_SIGN_IDENTITY = "iPhone Developer";
				"CODE_SIGN_IDENTITY[sdk=iphoneos*]" = "iPhone Developer";
				DEVELOPMENT_TEAM = S3RSD3BB8U;
				INFOPLIST_FILE = "03 虾兽新闻客户端/Info.plist";
				IPHONEOS_DEPLOYMENT_TARGET = 8.0;
				LD_RUNPATH_SEARCH_PATHS = "$(inherited) @executable_path/Frameworks";
				PRODUCT_BUNDLE_IDENTIFIER = com.excellence.abc;
				PRODUCT_NAME = "$(TARGET_NAME)";
			};
			name = Debug;
		};
		849D271D1E640E3300F0CA5D /* Release */ = {
			isa = XCBuildConfiguration;
			buildSettings = {
				ASSETCATALOG_COMPILER_APPICON_NAME = AppIcon;
				CODE_SIGN_IDENTITY = "iPhone Distribution";
				"CODE_SIGN_IDENTITY[sdk=iphoneos*]" = "iPhone Developer";
				DEVELOPMENT_TEAM = S3RSD3BB8U;
				INFOPLIST_FILE = "03 虾兽新闻客户端/Info.plist";
				IPHONEOS_DEPLOYMENT_TARGET = 8.0;
				LD_RUNPATH_SEARCH_PATHS = "$(inherited) @executable_path/Frameworks";
				PRODUCT_BUNDLE_IDENTIFIER = com.excellence.abc;
				PRODUCT_NAME = "$(TARGET_NAME)";
			};
			name = Release;
		};
		849D271F1E640E3300F0CA5D /* Debug */ = {
			isa = XCBuildConfiguration;
			buildSettings = {
				BUNDLE_LOADER = "$(TEST_HOST)";
				INFOPLIST_FILE = "03 虾兽新闻客户端Tests/Info.plist";
				LD_RUNPATH_SEARCH_PATHS = "$(inherited) @executable_path/Frameworks @loader_path/Frameworks";
				PRODUCT_BUNDLE_IDENTIFIER = "Apple.-3--------Tests";
				PRODUCT_NAME = "$(TARGET_NAME)";
				TEST_HOST = "$(BUILT_PRODUCTS_DIR)/虾兽维度.app/虾兽维度";
			};
			name = Debug;
		};
		849D27201E640E3300F0CA5D /* Release */ = {
			isa = XCBuildConfiguration;
			buildSettings = {
				BUNDLE_LOADER = "$(TEST_HOST)";
				INFOPLIST_FILE = "03 虾兽新闻客户端Tests/Info.plist";
				LD_RUNPATH_SEARCH_PATHS = "$(inherited) @executable_path/Frameworks @loader_path/Frameworks";
				PRODUCT_BUNDLE_IDENTIFIER = "Apple.-3--------Tests";
				PRODUCT_NAME = "$(TARGET_NAME)";
				TEST_HOST = "$(BUILT_PRODUCTS_DIR)/虾兽维度.app/虾兽维度";
			};
			name = Release;
		};
		849D27221E640E3300F0CA5D /* Debug */ = {
			isa = XCBuildConfiguration;
			buildSettings = {
				INFOPLIST_FILE = "03 虾兽新闻客户端UITests/Info.plist";
				LD_RUNPATH_SEARCH_PATHS = "$(inherited) @executable_path/Frameworks @loader_path/Frameworks";
				PRODUCT_BUNDLE_IDENTIFIER = "Apple.-3--------UITests";
				PRODUCT_NAME = "$(TARGET_NAME)";
				TEST_TARGET_NAME = "03 虾兽新闻客户端";
			};
			name = Debug;
		};
		849D27231E640E3300F0CA5D /* Release */ = {
			isa = XCBuildConfiguration;
			buildSettings = {
				INFOPLIST_FILE = "03 虾兽新闻客户端UITests/Info.plist";
				LD_RUNPATH_SEARCH_PATHS = "$(inherited) @executable_path/Frameworks @loader_path/Frameworks";
				PRODUCT_BUNDLE_IDENTIFIER = "Apple.-3--------UITests";
				PRODUCT_NAME = "$(TARGET_NAME)";
				TEST_TARGET_NAME = "03 虾兽新闻客户端";
			};
			name = Release;
		};
/* End XCBuildConfiguration section */

/* Begin XCConfigurationList section */
		849D26E91E640E3200F0CA5D /* Build configuration list for PBXProject "虾兽维度" */ = {
			isa = XCConfigurationList;
			buildConfigurations = (
				849D27191E640E3300F0CA5D /* Debug */,
				849D271A1E640E3300F0CA5D /* Release */,
			);
			defaultConfigurationIsVisible = 0;
			defaultConfigurationName = Release;
		};
		849D271B1E640E3300F0CA5D /* Build configuration list for PBXNativeTarget "虾兽维度" */ = {
			isa = XCConfigurationList;
			buildConfigurations = (
				849D271C1E640E3300F0CA5D /* Debug */,
				849D271D1E640E3300F0CA5D /* Release */,
			);
			defaultConfigurationIsVisible = 0;
			defaultConfigurationName = Release;
		};
		849D271E1E640E3300F0CA5D /* Build configuration list for PBXNativeTarget "虾兽维度Tests" */ = {
			isa = XCConfigurationList;
			buildConfigurations = (
				849D271F1E640E3300F0CA5D /* Debug */,
				849D27201E640E3300F0CA5D /* Release */,
			);
			defaultConfigurationIsVisible = 0;
			defaultConfigurationName = Release;
		};
		849D27211E640E3300F0CA5D /* Build configuration list for PBXNativeTarget "虾兽维度UITests" */ = {
			isa = XCConfigurationList;
			buildConfigurations = (
				849D27221E640E3300F0CA5D /* Debug */,
				849D27231E640E3300F0CA5D /* Release */,
			);
			defaultConfigurationIsVisible = 0;
			defaultConfigurationName = Release;
		};
/* End XCConfigurationList section */
	};
	rootObject = 849D26E61E640E3200F0CA5D /* Project object */;
}
